
Microsoft Visual Studio Solution File, Format Version 12.00
# Visual Studio 15
VisualStudioVersion = 15.0.28307.421
MinimumVisualStudioVersion = 10.0.40219.1
Project("{FAE04EC0-301F-11D3-BF4B-00C04F79EFBC}") = "controlSesiones", "controlSesiones\controlSesiones.csproj", "{30E53BA1-8530-4888-BF68-D487C9E3407C}"
EndProject
Global
	GlobalSection(SolutionConfigurationPlatforms) = preSolution
		Debug|Any CPU = Debug|Any CPU
		Release|Any CPU = Release|Any CPU
	EndGlobalSection
	GlobalSection(ProjectConfigurationPlatforms) = postSolution
		{30E53BA1-8530-4888-BF68-D487C9E3407C}.Debug|Any CPU.ActiveCfg = Debug|Any CPU
		{30E53BA1-8530-4888-BF68-D487C9E3407C}.Debug|Any CPU.Build.0 = Debug|Any CPU
		{30E53BA1-8530-4888-BF68-D487C9E3407C}.Release|Any CPU.ActiveCfg = Release|Any CPU
		{30E53BA1-8530-4888-BF68-D487C9E3407C}.Release|Any CPU.Build.0 = Release|Any CPU
	EndGlobalSection
	GlobalSection(SolutionProperties) = preSolution
		HideSolutionNode = FALSE
	EndGlobalSection
	GlobalSection(ExtensibilityGlobals) = postSolution
		SolutionGuid = {4C6F259A-30E6-4DE1-B12C-D36DA8CEE7D0}
	EndGlobalSection
EndGlobal
